
Microsoft Visual Studio Solution File, Format Version 12.00
# Visual Studio Version 16
VisualStudioVersion = 16.0.31129.286
MinimumVisualStudioVersion = 10.0.40219.1
Project("{FAE04EC0-301F-11D3-BF4B-00C04F79EFBC}") = "StructuralPattern", "StructuralPattern\StructuralPattern.csproj", "{36972DE9-AEF5-4CDF-A881-9630BF59EC41}"
EndProject
Global
	GlobalSection(SolutionConfigurationPlatforms) = preSolution
		Debug|Any CPU = Debug|Any CPU
		Release|Any CPU = Release|Any CPU
	EndGlobalSection
	GlobalSection(ProjectConfigurationPlatforms) = postSolution
		{36972DE9-AEF5-4CDF-A881-9630BF59EC41}.Debug|Any CPU.ActiveCfg = Debug|Any CPU
		{36972DE9-AEF5-4CDF-A881-9630BF59EC41}.Debug|Any CPU.Build.0 = Debug|Any CPU
		{36972DE9-AEF5-4CDF-A881-9630BF59EC41}.Release|Any CPU.ActiveCfg = Release|Any CPU
		{36972DE9-AEF5-4CDF-A881-9630BF59EC41}.Release|Any CPU.Build.0 = Release|Any CPU
	EndGlobalSection
	GlobalSection(SolutionProperties) = preSolution
		HideSolutionNode = FALSE
	EndGlobalSection
	GlobalSection(ExtensibilityGlobals) = postSolution
		SolutionGuid = {20D8BFC0-D721-4C98-A6C3-FB21FC376A13}
	EndGlobalSection
EndGlobal
